
Microsoft Visual Studio Solution File, Format Version 12.00
# Visual Studio Version 17
VisualStudioVersion = 17.11.35327.3
MinimumVisualStudioVersion = 10.0.40219.1
Project("{FAE04EC0-301F-11D3-BF4B-00C04F79EFBC}") = "gec.Server", "gec.Server\gec.Server.csproj", "{A9032672-3DEC-4688-BEDF-20F490649D11}"
EndProject
Project("{54A90642-561A-4BB1-A94E-469ADEE60C69}") = "gec.client", "gec.client\gec.client.esproj", "{B7DCCC92-AC9B-43D9-BA1C-EE4992AEE7AD}"
EndProject
Project("{FAE04EC0-301F-11D3-BF4B-00C04F79EFBC}") = "gec.Infrastructure", "gec.Infrastructure\gec.Infrastructure.csproj", "{5CC41204-4153-4197-BF90-DE1C790BD8DA}"
EndProject
Project("{FAE04EC0-301F-11D3-BF4B-00C04F79EFBC}") = "gec.Application", "gec.Application\gec.Application.csproj", "{DBF49690-B7EF-439C-9B82-155276375384}"
EndProject
Global
	GlobalSection(SolutionConfigurationPlatforms) = preSolution
		Debug|Any CPU = Debug|Any CPU
		Release|Any CPU = Release|Any CPU
	EndGlobalSection
	GlobalSection(ProjectConfigurationPlatforms) = postSolution
		{A9032672-3DEC-4688-BEDF-20F490649D11}.Debug|Any CPU.ActiveCfg = Debug|Any CPU
		{A9032672-3DEC-4688-BEDF-20F490649D11}.Debug|Any CPU.Build.0 = Debug|Any CPU
		{A9032672-3DEC-4688-BEDF-20F490649D11}.Release|Any CPU.ActiveCfg = Release|Any CPU
		{A9032672-3DEC-4688-BEDF-20F490649D11}.Release|Any CPU.Build.0 = Release|Any CPU
		{B7DCCC92-AC9B-43D9-BA1C-EE4992AEE7AD}.Debug|Any CPU.ActiveCfg = Debug|Any CPU
		{B7DCCC92-AC9B-43D9-BA1C-EE4992AEE7AD}.Debug|Any CPU.Build.0 = Debug|Any CPU
		{B7DCCC92-AC9B-43D9-BA1C-EE4992AEE7AD}.Debug|Any CPU.Deploy.0 = Debug|Any CPU
		{B7DCCC92-AC9B-43D9-BA1C-EE4992AEE7AD}.Release|Any CPU.ActiveCfg = Release|Any CPU
		{B7DCCC92-AC9B-43D9-BA1C-EE4992AEE7AD}.Release|Any CPU.Build.0 = Release|Any CPU
		{B7DCCC92-AC9B-43D9-BA1C-EE4992AEE7AD}.Release|Any CPU.Deploy.0 = Release|Any CPU
		{5CC41204-4153-4197-BF90-DE1C790BD8DA}.Debug|Any CPU.ActiveCfg = Debug|Any CPU
		{5CC41204-4153-4197-BF90-DE1C790BD8DA}.Debug|Any CPU.Build.0 = Debug|Any CPU
		{5CC41204-4153-4197-BF90-DE1C790BD8DA}.Release|Any CPU.ActiveCfg = Release|Any CPU
		{5CC41204-4153-4197-BF90-DE1C790BD8DA}.Release|Any CPU.Build.0 = Release|Any CPU
		{DBF49690-B7EF-439C-9B82-155276375384}.Debug|Any CPU.ActiveCfg = Debug|Any CPU
		{DBF49690-B7EF-439C-9B82-155276375384}.Debug|Any CPU.Build.0 = Debug|Any CPU
		{DBF49690-B7EF-439C-9B82-155276375384}.Release|Any CPU.ActiveCfg = Release|Any CPU
		{DBF49690-B7EF-439C-9B82-155276375384}.Release|Any CPU.Build.0 = Release|Any CPU
	EndGlobalSection
	GlobalSection(SolutionProperties) = preSolution
		HideSolutionNode = FALSE
	EndGlobalSection
	GlobalSection(ExtensibilityGlobals) = postSolution
		SolutionGuid = {4A4660B8-23FA-4247-8065-10A55E38A2CD}
	EndGlobalSection
EndGlobal
